{
  "name": "lexical-testing",
  "lockfileVersion": 2,
  "requires": true,
  "packages": {
    "": {
      "dependencies": {
        "@lexical/markdown": "^0.7.5",
        "@lexical/react": "^0.7.5",
        "lexical": "^0.7.5"
      }
    },
    "node_modules/@babel/runtime": {
      "version": "7.20.7",
      "resolved": "https://registry.npmjs.org/@babel/runtime/-/runtime-7.20.7.tgz",
      "integrity": "sha512-UF0tvkUtxwAgZ5W/KrkHf0Rn0fdnLDU9ScxBrEVNUprE/MzirjK4MJUX1/BVDv00Sv8cljtukVK1aky++X1SjQ==",
      "dependencies": {
        "regenerator-runtime": "^0.13.11"
      },
      "engines": {
        "node": ">=6.9.0"
      }
    },
    "node_modules/@lexical/clipboard": {
      "version": "0.7.5",
      "resolved": "https://registry.npmjs.org/@lexical/clipboard/-/clipboard-0.7.5.tgz",
      "integrity": "sha512-H5KA7CfrCYJs3fcDG2LkG/s5dfT1KcuOxEZwinCE0Quzu4aPxHLWKRXImwNsN/zVU5zTnvjd29Zv2NYtfYfBiA==",
      "dependencies": {
        "@lexical/html": "0.7.5",
        "@lexical/list": "0.7.5",
        "@lexical/selection": "0.7.5",
        "@lexical/utils": "0.7.5"
      },
      "peerDependencies": {
        "lexical": "0.7.5"
      }
    },
    "node_modules/@lexical/code": {
      "version": "0.7.5",
      "resolved": "https://registry.npmjs.org/@lexical/code/-/code-0.7.5.tgz",
      "integrity": "sha512-WjLkKdP/fpCfokhXmUHIWm9SMJHnD2/u3X6DplQBAQ/BKHfSWHbIpkzOpxB+SPHezzhwX49/j2I3jiJSr4AMbw==",
      "dependencies": {
        "@lexical/utils": "0.7.5",
        "prismjs": "^1.27.0"
      },
      "peerDependencies": {
        "lexical": "0.7.5"
      }
    },
    "node_modules/@lexical/dragon": {
      "version": "0.7.5",
      "resolved": "https://registry.npmjs.org/@lexical/dragon/-/dragon-0.7.5.tgz",
      "integrity": "sha512-/EWJJNhlSW/4ixvDyhaS7sBkbKX5fW5wEvpBldmfPvVuALJxj0p/2vN2FVFmLxWlQGxCoFvDU5IA7RJ+Y/U+SQ==",
      "peerDependencies": {
        "lexical": "0.7.5"
      }
    },
    "node_modules/@lexical/hashtag": {
      "version": "0.7.5",
      "resolved": "https://registry.npmjs.org/@lexical/hashtag/-/hashtag-0.7.5.tgz",
      "integrity": "sha512-5867EAZJvAThHta1JG85n/eLTRirkHaqb/7SI+WAIZSkGfYVJUhk0LjxF5B3GfzBbdGlqJ7NyKZ0DE9QqhL0oA==",
      "dependencies": {
        "@lexical/utils": "0.7.5"
      },
      "peerDependencies": {
        "lexical": "0.7.5"
      }
    },
    "node_modules/@lexical/history": {
      "version": "0.7.5",
      "resolved": "https://registry.npmjs.org/@lexical/history/-/history-0.7.5.tgz",
      "integrity": "sha512-vvUr7wQ9KiGXSm8dvozAMs/oOqi6ePcI7QyD1hwD2QF8z8x1f+0D6R9MMdN5y35XsnH6N2ujHI14LX5CuNXeqw==",
      "dependencies": {
        "@lexical/utils": "0.7.5"
      },
      "peerDependencies": {
        "lexical": "0.7.5"
      }
    },
    "node_modules/@lexical/html": {
      "version": "0.7.5",
      "resolved": "https://registry.npmjs.org/@lexical/html/-/html-0.7.5.tgz",
      "integrity": "sha512-aHG0pxvVmYvyXstCVmzXpVYR7n3rMUQ6aSCd7fnreJGSxOr/LafT5+8CZQkUm7iR2IiiK8umX8NHzz4cMNgR3Q==",
      "dependencies": {
        "@lexical/selection": "0.7.5"
      },
      "peerDependencies": {
        "lexical": "0.7.5"
      }
    },
    "node_modules/@lexical/link": {
      "version": "0.7.5",
      "resolved": "https://registry.npmjs.org/@lexical/link/-/link-0.7.5.tgz",
      "integrity": "sha512-95V183O7uotiF8JRS1CN2272ckgNe3EJI1ezT5dGjdw8JJYDN6mAMhUVQWKBR/kKpNXuznprMH8QjkLLESBakw==",
      "dependencies": {
        "@lexical/utils": "0.7.5"
      },
      "peerDependencies": {
        "lexical": "0.7.5"
      }
    },
    "node_modules/@lexical/list": {
      "version": "0.7.5",
      "resolved": "https://registry.npmjs.org/@lexical/list/-/list-0.7.5.tgz",
      "integrity": "sha512-YCDsP0hxIMwjtN3wDKLsFdjrDenX+OdOswm+4Zt/mtLMCOSwibcDDyzWnA7UbR2s4Fwy1Rvhl56xdR2egGCQhw==",
      "dependencies": {
        "@lexical/utils": "0.7.5"
      },
      "peerDependencies": {
        "lexical": "0.7.5"
      }
    },
    "node_modules/@lexical/mark": {
      "version": "0.7.5",
      "resolved": "https://registry.npmjs.org/@lexical/mark/-/mark-0.7.5.tgz",
      "integrity": "sha512-fKEyAUKTJt79YTN24Qi5Uc3HHYZCJs/HPq/yn3Y09Z74K258cW9uyj7LPpjRBeuiD47SVF1Mq7wbbqQ0ak4GPA==",
      "dependencies": {
        "@lexical/utils": "0.7.5"
      },
      "peerDependencies": {
        "lexical": "0.7.5"
      }
    },
    "node_modules/@lexical/markdown": {
      "version": "0.7.5",
      "resolved": "https://registry.npmjs.org/@lexical/markdown/-/markdown-0.7.5.tgz",
      "integrity": "sha512-kSg1qAgDGGrXo+LBEnOaAOkR0KPYorKjldBnlttH8x0qMIKrblDd6v56oOK7Yl/LgGT3uq7RpAJFK5gKDnVn6w==",
      "dependencies": {
        "@lexical/code": "0.7.5",
        "@lexical/link": "0.7.5",
        "@lexical/list": "0.7.5",
        "@lexical/rich-text": "0.7.5",
        "@lexical/text": "0.7.5",
        "@lexical/utils": "0.7.5"
      },
      "peerDependencies": {
        "lexical": "0.7.5"
      }
    },
    "node_modules/@lexical/offset": {
      "version": "0.7.5",
      "resolved": "https://registry.npmjs.org/@lexical/offset/-/offset-0.7.5.tgz",
      "integrity": "sha512-RvBCkXnpgESx0UUXg4G6xJMcT3PBe+kuSQElkFB2KqRqTF0S3eMskLoakFdpSA0yc89Ubrh9+zKMzxoIwGtrmg==",
      "peerDependencies": {
        "lexical": "0.7.5"
      }
    },
    "node_modules/@lexical/overflow": {
      "version": "0.7.5",
      "resolved": "https://registry.npmjs.org/@lexical/overflow/-/overflow-0.7.5.tgz",
      "integrity": "sha512-JoY2jKfoDBVDy6XDCVMakWV7jJO8ks++wx+1uvPrK1s5Qx7UMvaUtID6f1+hph0437JuLKA0IpfDQFKQfp6RIg==",
      "peerDependencies": {
        "lexical": "0.7.5"
      }
    },
    "node_modules/@lexical/plain-text": {
      "version": "0.7.5",
      "resolved": "https://registry.npmjs.org/@lexical/plain-text/-/plain-text-0.7.5.tgz",
      "integrity": "sha512-sZta4HgT8ShIHCDXF3sBrj7APtBKaLL6Lm9nwyVmv8NWLb1TItOKGy0+i3FrAAVSFNW+RHWJFltMiRUoPRBQFw==",
      "peerDependencies": {
        "@lexical/clipboard": "0.7.5",
        "@lexical/selection": "0.7.5",
        "@lexical/utils": "0.7.5",
        "lexical": "0.7.5"
      }
    },
    "node_modules/@lexical/react": {
      "version": "0.7.5",
      "resolved": "https://registry.npmjs.org/@lexical/react/-/react-0.7.5.tgz",
      "integrity": "sha512-Lk51Y514kOfUMF3+92dKKVuPlFrL1r19hOTGhvdi71DF1ewUzTVbbS9oyMFzNAA+rsuKqLKn0zILT43CHRk22w==",
      "dependencies": {
        "@lexical/clipboard": "0.7.5",
        "@lexical/code": "0.7.5",
        "@lexical/dragon": "0.7.5",
        "@lexical/hashtag": "0.7.5",
        "@lexical/history": "0.7.5",
        "@lexical/link": "0.7.5",
        "@lexical/list": "0.7.5",
        "@lexical/mark": "0.7.5",
        "@lexical/markdown": "0.7.5",
        "@lexical/overflow": "0.7.5",
        "@lexical/plain-text": "0.7.5",
        "@lexical/rich-text": "0.7.5",
        "@lexical/selection": "0.7.5",
        "@lexical/table": "0.7.5",
        "@lexical/text": "0.7.5",
        "@lexical/utils": "0.7.5",
        "@lexical/yjs": "0.7.5",
        "react-error-boundary": "^3.1.4"
      },
      "peerDependencies": {
        "lexical": "0.7.5",
        "react": ">=17.x",
        "react-dom": ">=17.x"
      }
    },
    "node_modules/@lexical/rich-text": {
      "version": "0.7.5",
      "resolved": "https://registry.npmjs.org/@lexical/rich-text/-/rich-text-0.7.5.tgz",
      "integrity": "sha512-z4sscX2Xq7hRUXcLIqgQVcBsifTHreTcC4McXwyD5TC5U+2rk+guREeb6Rq/+Mhct1VttdWIdblw8Odw0oHSqA==",
      "peerDependencies": {
        "@lexical/clipboard": "0.7.5",
        "@lexical/selection": "0.7.5",
        "@lexical/utils": "0.7.5",
        "lexical": "0.7.5"
      }
    },
    "node_modules/@lexical/selection": {
      "version": "0.7.5",
      "resolved": "https://registry.npmjs.org/@lexical/selection/-/selection-0.7.5.tgz",
      "integrity": "sha512-8AUwsDz/i1fshmRlXUQuDFKcilgzi5GIUc38Lpp7HN5ErvyH7EjbFWA+b8qKWidTnWQ9yKHQLUsIFlYMy91V/Q==",
      "peerDependencies": {
        "lexical": "0.7.5"
      }
    },
    "node_modules/@lexical/table": {
      "version": "0.7.5",
      "resolved": "https://registry.npmjs.org/@lexical/table/-/table-0.7.5.tgz",
      "integrity": "sha512-6hPtEZq+0qOki8vU/sEBL5CHYJ7obt5kbCknEHW3xm38gW7NWMqZ15tvnw1owJnPJNhu4wfCSHPR1JeUHfcJLg==",
      "dependencies": {
        "@lexical/utils": "0.7.5"
      },
      "peerDependencies": {
        "lexical": "0.7.5"
      }
    },
    "node_modules/@lexical/text": {
      "version": "0.7.5",
      "resolved": "https://registry.npmjs.org/@lexical/text/-/text-0.7.5.tgz",
      "integrity": "sha512-JGx89XATNdqi3BD60kWdTv15kgV7HoFTgdgrzBc4ZJ2AYj6p16pMl1UaF+x5O++sNWONbQ0mGPyYjfRWhOxqvQ==",
      "peerDependencies": {
        "lexical": "0.7.5"
      }
    },
    "node_modules/@lexical/utils": {
      "version": "0.7.5",
      "resolved": "https://registry.npmjs.org/@lexical/utils/-/utils-0.7.5.tgz",
      "integrity": "sha512-WGf96y1h1qDsJK9wztXPzcEupyToa4TmoSzSKhOvebFqS/yg3WlRVUBne6oBj3hptjGoeU9MhGdcGK61EQ/TOw==",
      "dependencies": {
        "@lexical/list": "0.7.5",
        "@lexical/table": "0.7.5"
      },
      "peerDependencies": {
        "lexical": "0.7.5"
      }
    },
    "node_modules/@lexical/yjs": {
      "version": "0.7.5",
      "resolved": "https://registry.npmjs.org/@lexical/yjs/-/yjs-0.7.5.tgz",
      "integrity": "sha512-pNyw175VfWhJQj4pnvXgddfjyZhF/lotn7/4MTKbtGxyAI61LrjV7Z3M7v76003v4SEIyQ3WqWOU4TCjNt+alQ==",
      "dependencies": {
        "@lexical/offset": "0.7.5"
      },
      "peerDependencies": {
        "lexical": "0.7.5",
        "yjs": ">=13.5.22"
      }
    },
    "node_modules/isomorphic.js": {
      "version": "0.2.5",
      "resolved": "https://registry.npmjs.org/isomorphic.js/-/isomorphic.js-0.2.5.tgz",
      "integrity": "sha512-PIeMbHqMt4DnUP3MA/Flc0HElYjMXArsw1qwJZcm9sqR8mq3l8NYizFMty0pWwE/tzIGH3EKK5+jes5mAr85yw==",
      "peer": true,
      "funding": {
        "type": "GitHub Sponsors ❤",
        "url": "https://github.com/sponsors/dmonad"
      }
    },
    "node_modules/js-tokens": {
      "version": "4.0.0",
      "resolved": "https://registry.npmjs.org/js-tokens/-/js-tokens-4.0.0.tgz",
      "integrity": "sha512-RdJUflcE3cUzKiMqQgsCu06FPu9UdIJO0beYbPhHN4k6apgJtifcoCtT9bcxOpYBtpD2kCM6Sbzg4CausW/PKQ==",
      "peer": true
    },
    "node_modules/lexical": {
      "version": "0.7.5",
      "resolved": "https://registry.npmjs.org/lexical/-/lexical-0.7.5.tgz",
      "integrity": "sha512-NrSWqggN1/9EzKLwYKURc+AGTQcPh4kXrE8qemp5yYCJG0XGu25CVNXKFXQkCHJJbdAsfn6qmprH5aVV7sDp5Q=="
    },
    "node_modules/lib0": {
      "version": "0.2.58",
      "resolved": "https://registry.npmjs.org/lib0/-/lib0-0.2.58.tgz",
      "integrity": "sha512-6ovqPaYfOKU7GkkVxz/wjMR0zsqmNsISLvH+h9Lx5YNtWDZey69aYsTGXaSVpUPpJ+ZFtIvcZHsTGL3MbwOM8A==",
      "peer": true,
      "dependencies": {
        "isomorphic.js": "^0.2.4"
      },
      "engines": {
        "node": ">=14"
      },
      "funding": {
        "type": "GitHub Sponsors ❤",
        "url": "https://github.com/sponsors/dmonad"
      }
    },
    "node_modules/loose-envify": {
      "version": "1.4.0",
      "resolved": "https://registry.npmjs.org/loose-envify/-/loose-envify-1.4.0.tgz",
      "integrity": "sha512-lyuxPGr/Wfhrlem2CL/UcnUc1zcqKAImBDzukY7Y5F/yQiNdko6+fRLevlw1HgMySw7f611UIY408EtxRSoK3Q==",
      "peer": true,
      "dependencies": {
        "js-tokens": "^3.0.0 || ^4.0.0"
      },
      "bin": {
        "loose-envify": "cli.js"
      }
    },
    "node_modules/prismjs": {
      "version": "1.29.0",
      "resolved": "https://registry.npmjs.org/prismjs/-/prismjs-1.29.0.tgz",
      "integrity": "sha512-Kx/1w86q/epKcmte75LNrEoT+lX8pBpavuAbvJWRXar7Hz8jrtF+e3vY751p0R8H9HdArwaCTNDDzHg/ScJK1Q==",
      "engines": {
        "node": ">=6"
      }
    },
    "node_modules/react": {
      "version": "18.2.0",
      "resolved": "https://registry.npmjs.org/react/-/react-18.2.0.tgz",
      "integrity": "sha512-/3IjMdb2L9QbBdWiW5e3P2/npwMBaU9mHCSCUzNln0ZCYbcfTsGbTJrU/kGemdH2IWmB2ioZ+zkxtmq6g09fGQ==",
      "peer": true,
      "dependencies": {
        "loose-envify": "^1.1.0"
      },
      "engines": {
        "node": ">=0.10.0"
      }
    },
    "node_modules/react-dom": {
      "version": "18.2.0",
      "resolved": "https://registry.npmjs.org/react-dom/-/react-dom-18.2.0.tgz",
      "integrity": "sha512-6IMTriUmvsjHUjNtEDudZfuDQUoWXVxKHhlEGSk81n4YFS+r/Kl99wXiwlVXtPBtJenozv2P+hxDsw9eA7Xo6g==",
      "peer": true,
      "dependencies": {
        "loose-envify": "^1.1.0",
        "scheduler": "^0.23.0"
      },
      "peerDependencies": {
        "react": "^18.2.0"
      }
    },
    "node_modules/react-error-boundary": {
      "version": "3.1.4",
      "resolved": "https://registry.npmjs.org/react-error-boundary/-/react-error-boundary-3.1.4.tgz",
      "integrity": "sha512-uM9uPzZJTF6wRQORmSrvOIgt4lJ9MC1sNgEOj2XGsDTRE4kmpWxg7ENK9EWNKJRMAOY9z0MuF4yIfl6gp4sotA==",
      "dependencies": {
        "@babel/runtime": "^7.12.5"
      },
      "engines": {
        "node": ">=10",
        "npm": ">=6"
      },
      "peerDependencies": {
        "react": ">=16.13.1"
      }
    },
    "node_modules/regenerator-runtime": {
      "version": "0.13.11",
      "resolved": "https://registry.npmjs.org/regenerator-runtime/-/regenerator-runtime-0.13.11.tgz",
      "integrity": "sha512-kY1AZVr2Ra+t+piVaJ4gxaFaReZVH40AKNo7UCX6W+dEwBo/2oZJzqfuN1qLq1oL45o56cPaTXELwrTh8Fpggg=="
    },
    "node_modules/scheduler": {
      "version": "0.23.0",
      "resolved": "https://registry.npmjs.org/scheduler/-/scheduler-0.23.0.tgz",
      "integrity": "sha512-CtuThmgHNg7zIZWAXi3AsyIzA3n4xx7aNyjwC2VJldO2LMVDhFK+63xGqq6CsJH4rTAt6/M+N4GhZiDYPx9eUw==",
      "peer": true,
      "dependencies": {
        "loose-envify": "^1.1.0"
      }
    },
    "node_modules/yjs": {
      "version": "13.5.44",
      "resolved": "https://registry.npmjs.org/yjs/-/yjs-13.5.44.tgz",
      "integrity": "sha512-UL+abIh2lQonqXfaJ+en7z9eGshpY11j1zNLc2kDYs0vrTjee4gZJUXC3ZsuhP6geQt0IRU04epCGRaVPQAVCA==",
      "peer": true,
      "dependencies": {
        "lib0": "^0.2.49"
      },
      "funding": {
        "type": "GitHub Sponsors ❤",
        "url": "https://github.com/sponsors/dmonad"
      }
    }
  },
  "dependencies": {
    "@babel/runtime": {
      "version": "7.20.7",
      "resolved": "https://registry.npmjs.org/@babel/runtime/-/runtime-7.20.7.tgz",
      "integrity": "sha512-UF0tvkUtxwAgZ5W/KrkHf0Rn0fdnLDU9ScxBrEVNUprE/MzirjK4MJUX1/BVDv00Sv8cljtukVK1aky++X1SjQ==",
      "requires": {
        "regenerator-runtime": "^0.13.11"
      }
    },
    "@lexical/clipboard": {
      "version": "0.7.5",
      "resolved": "https://registry.npmjs.org/@lexical/clipboard/-/clipboard-0.7.5.tgz",
      "integrity": "sha512-H5KA7CfrCYJs3fcDG2LkG/s5dfT1KcuOxEZwinCE0Quzu4aPxHLWKRXImwNsN/zVU5zTnvjd29Zv2NYtfYfBiA==",
      "requires": {
        "@lexical/html": "0.7.5",
        "@lexical/list": "0.7.5",
        "@lexical/selection": "0.7.5",
        "@lexical/utils": "0.7.5"
      }
    },
    "@lexical/code": {
      "version": "0.7.5",
      "resolved": "https://registry.npmjs.org/@lexical/code/-/code-0.7.5.tgz",
      "integrity": "sha512-WjLkKdP/fpCfokhXmUHIWm9SMJHnD2/u3X6DplQBAQ/BKHfSWHbIpkzOpxB+SPHezzhwX49/j2I3jiJSr4AMbw==",
      "requires": {
        "@lexical/utils": "0.7.5",
        "prismjs": "^1.27.0"
      }
    },
    "@lexical/dragon": {
      "version": "0.7.5",
      "resolved": "https://registry.npmjs.org/@lexical/dragon/-/dragon-0.7.5.tgz",
      "integrity": "sha512-/EWJJNhlSW/4ixvDyhaS7sBkbKX5fW5wEvpBldmfPvVuALJxj0p/2vN2FVFmLxWlQGxCoFvDU5IA7RJ+Y/U+SQ==",
      "requires": {}
    },
    "@lexical/hashtag": {
      "version": "0.7.5",
      "resolved": "https://registry.npmjs.org/@lexical/hashtag/-/hashtag-0.7.5.tgz",
      "integrity": "sha512-5867EAZJvAThHta1JG85n/eLTRirkHaqb/7SI+WAIZSkGfYVJUhk0LjxF5B3GfzBbdGlqJ7NyKZ0DE9QqhL0oA==",
      "requires": {
        "@lexical/utils": "0.7.5"
      }
    },
    "@lexical/history": {
      "version": "0.7.5",
      "resolved": "https://registry.npmjs.org/@lexical/history/-/history-0.7.5.tgz",
      "integrity": "sha512-vvUr7wQ9KiGXSm8dvozAMs/oOqi6ePcI7QyD1hwD2QF8z8x1f+0D6R9MMdN5y35XsnH6N2ujHI14LX5CuNXeqw==",
      "requires": {
        "@lexical/utils": "0.7.5"
      }
    },
    "@lexical/html": {
      "version": "0.7.5",
      "resolved": "https://registry.npmjs.org/@lexical/html/-/html-0.7.5.tgz",
      "integrity": "sha512-aHG0pxvVmYvyXstCVmzXpVYR7n3rMUQ6aSCd7fnreJGSxOr/LafT5+8CZQkUm7iR2IiiK8umX8NHzz4cMNgR3Q==",
      "requires": {
        "@lexical/selection": "0.7.5"
      }
    },
    "@lexical/link": {
      "version": "0.7.5",
      "resolved": "https://registry.npmjs.org/@lexical/link/-/link-0.7.5.tgz",
      "integrity": "sha512-95V183O7uotiF8JRS1CN2272ckgNe3EJI1ezT5dGjdw8JJYDN6mAMhUVQWKBR/kKpNXuznprMH8QjkLLESBakw==",
      "requires": {
        "@lexical/utils": "0.7.5"
      }
    },
    "@lexical/list": {
      "version": "0.7.5",
      "resolved": "https://registry.npmjs.org/@lexical/list/-/list-0.7.5.tgz",
      "integrity": "sha512-YCDsP0hxIMwjtN3wDKLsFdjrDenX+OdOswm+4Zt/mtLMCOSwibcDDyzWnA7UbR2s4Fwy1Rvhl56xdR2egGCQhw==",
      "requires": {
        "@lexical/utils": "0.7.5"
      }
    },
    "@lexical/mark": {
      "version": "0.7.5",
      "resolved": "https://registry.npmjs.org/@lexical/mark/-/mark-0.7.5.tgz",
      "integrity": "sha512-fKEyAUKTJt79YTN24Qi5Uc3HHYZCJs/HPq/yn3Y09Z74K258cW9uyj7LPpjRBeuiD47SVF1Mq7wbbqQ0ak4GPA==",
      "requires": {
        "@lexical/utils": "0.7.5"
      }
    },
    "@lexical/markdown": {
      "version": "0.7.5",
      "resolved": "https://registry.npmjs.org/@lexical/markdown/-/markdown-0.7.5.tgz",
      "integrity": "sha512-kSg1qAgDGGrXo+LBEnOaAOkR0KPYorKjldBnlttH8x0qMIKrblDd6v56oOK7Yl/LgGT3uq7RpAJFK5gKDnVn6w==",
      "requires": {
        "@lexical/code": "0.7.5",
        "@lexical/link": "0.7.5",
        "@lexical/list": "0.7.5",
        "@lexical/rich-text": "0.7.5",
        "@lexical/text": "0.7.5",
        "@lexical/utils": "0.7.5"
      }
    },
    "@lexical/offset": {
      "version": "0.7.5",
      "resolved": "https://registry.npmjs.org/@lexical/offset/-/offset-0.7.5.tgz",
      "integrity": "sha512-RvBCkXnpgESx0UUXg4G6xJMcT3PBe+kuSQElkFB2KqRqTF0S3eMskLoakFdpSA0yc89Ubrh9+zKMzxoIwGtrmg==",
      "requires": {}
    },
    "@lexical/overflow": {
      "version": "0.7.5",
      "resolved": "https://registry.npmjs.org/@lexical/overflow/-/overflow-0.7.5.tgz",
      "integrity": "sha512-JoY2jKfoDBVDy6XDCVMakWV7jJO8ks++wx+1uvPrK1s5Qx7UMvaUtID6f1+hph0437JuLKA0IpfDQFKQfp6RIg==",
      "requires": {}
    },
    "@lexical/plain-text": {
      "version": "0.7.5",
      "resolved": "https://registry.npmjs.org/@lexical/plain-text/-/plain-text-0.7.5.tgz",
      "integrity": "sha512-sZta4HgT8ShIHCDXF3sBrj7APtBKaLL6Lm9nwyVmv8NWLb1TItOKGy0+i3FrAAVSFNW+RHWJFltMiRUoPRBQFw==",
      "requires": {}
    },
    "@lexical/react": {
      "version": "0.7.5",
      "resolved": "https://registry.npmjs.org/@lexical/react/-/react-0.7.5.tgz",
      "integrity": "sha512-Lk51Y514kOfUMF3+92dKKVuPlFrL1r19hOTGhvdi71DF1ewUzTVbbS9oyMFzNAA+rsuKqLKn0zILT43CHRk22w==",
      "requires": {
        "@lexical/clipboard": "0.7.5",
        "@lexical/code": "0.7.5",
        "@lexical/dragon": "0.7.5",
        "@lexical/hashtag": "0.7.5",
        "@lexical/history": "0.7.5",
        "@lexical/link": "0.7.5",
        "@lexical/list": "0.7.5",
        "@lexical/mark": "0.7.5",
        "@lexical/markdown": "0.7.5",
        "@lexical/overflow": "0.7.5",
        "@lexical/plain-text": "0.7.5",
        "@lexical/rich-text": "0.7.5",
        "@lexical/selection": "0.7.5",
        "@lexical/table": "0.7.5",
        "@lexical/text": "0.7.5",
        "@lexical/utils": "0.7.5",
        "@lexical/yjs": "0.7.5",
        "react-error-boundary": "^3.1.4"
      }
    },
    "@lexical/rich-text": {
      "version": "0.7.5",
      "resolved": "https://registry.npmjs.org/@lexical/rich-text/-/rich-text-0.7.5.tgz",
      "integrity": "sha512-z4sscX2Xq7hRUXcLIqgQVcBsifTHreTcC4McXwyD5TC5U+2rk+guREeb6Rq/+Mhct1VttdWIdblw8Odw0oHSqA==",
      "requires": {}
    },
    "@lexical/selection": {
      "version": "0.7.5",
      "resolved": "https://registry.npmjs.org/@lexical/selection/-/selection-0.7.5.tgz",
      "integrity": "sha512-8AUwsDz/i1fshmRlXUQuDFKcilgzi5GIUc38Lpp7HN5ErvyH7EjbFWA+b8qKWidTnWQ9yKHQLUsIFlYMy91V/Q==",
      "requires": {}
    },
    "@lexical/table": {
      "version": "0.7.5",
      "resolved": "https://registry.npmjs.org/@lexical/table/-/table-0.7.5.tgz",
      "integrity": "sha512-6hPtEZq+0qOki8vU/sEBL5CHYJ7obt5kbCknEHW3xm38gW7NWMqZ15tvnw1owJnPJNhu4wfCSHPR1JeUHfcJLg==",
      "requires": {
        "@lexical/utils": "0.7.5"
      }
    },
    "@lexical/text": {
      "version": "0.7.5",
      "resolved": "https://registry.npmjs.org/@lexical/text/-/text-0.7.5.tgz",
      "integrity": "sha512-JGx89XATNdqi3BD60kWdTv15kgV7HoFTgdgrzBc4ZJ2AYj6p16pMl1UaF+x5O++sNWONbQ0mGPyYjfRWhOxqvQ==",
      "requires": {}
    },
    "@lexical/utils": {
      "version": "0.7.5",
      "resolved": "https://registry.npmjs.org/@lexical/utils/-/utils-0.7.5.tgz",
      "integrity": "sha512-WGf96y1h1qDsJK9wztXPzcEupyToa4TmoSzSKhOvebFqS/yg3WlRVUBne6oBj3hptjGoeU9MhGdcGK61EQ/TOw==",
      "requires": {
        "@lexical/list": "0.7.5",
        "@lexical/table": "0.7.5"
      }
    },
    "@lexical/yjs": {
      "version": "0.7.5",
      "resolved": "https://registry.npmjs.org/@lexical/yjs/-/yjs-0.7.5.tgz",
      "integrity": "sha512-pNyw175VfWhJQj4pnvXgddfjyZhF/lotn7/4MTKbtGxyAI61LrjV7Z3M7v76003v4SEIyQ3WqWOU4TCjNt+alQ==",
      "requires": {
        "@lexical/offset": "0.7.5"
      }
    },
    "isomorphic.js": {
      "version": "0.2.5",
      "resolved": "https://registry.npmjs.org/isomorphic.js/-/isomorphic.js-0.2.5.tgz",
      "integrity": "sha512-PIeMbHqMt4DnUP3MA/Flc0HElYjMXArsw1qwJZcm9sqR8mq3l8NYizFMty0pWwE/tzIGH3EKK5+jes5mAr85yw==",
      "peer": true
    },
    "js-tokens": {
      "version": "4.0.0",
      "resolved": "https://registry.npmjs.org/js-tokens/-/js-tokens-4.0.0.tgz",
      "integrity": "sha512-RdJUflcE3cUzKiMqQgsCu06FPu9UdIJO0beYbPhHN4k6apgJtifcoCtT9bcxOpYBtpD2kCM6Sbzg4CausW/PKQ==",
      "peer": true
    },
    "lexical": {
      "version": "0.7.5",
      "resolved": "https://registry.npmjs.org/lexical/-/lexical-0.7.5.tgz",
      "integrity": "sha512-NrSWqggN1/9EzKLwYKURc+AGTQcPh4kXrE8qemp5yYCJG0XGu25CVNXKFXQkCHJJbdAsfn6qmprH5aVV7sDp5Q=="
    },
    "lib0": {
      "version": "0.2.58",
      "resolved": "https://registry.npmjs.org/lib0/-/lib0-0.2.58.tgz",
      "integrity": "sha512-6ovqPaYfOKU7GkkVxz/wjMR0zsqmNsISLvH+h9Lx5YNtWDZey69aYsTGXaSVpUPpJ+ZFtIvcZHsTGL3MbwOM8A==",
      "peer": true,
      "requires": {
        "isomorphic.js": "^0.2.4"
      }
    },
    "loose-envify": {
      "version": "1.4.0",
      "resolved": "https://registry.npmjs.org/loose-envify/-/loose-envify-1.4.0.tgz",
      "integrity": "sha512-lyuxPGr/Wfhrlem2CL/UcnUc1zcqKAImBDzukY7Y5F/yQiNdko6+fRLevlw1HgMySw7f611UIY408EtxRSoK3Q==",
      "peer": true,
      "requires": {
        "js-tokens": "^3.0.0 || ^4.0.0"
      }
    },
    "prismjs": {
      "version": "1.29.0",
      "resolved": "https://registry.npmjs.org/prismjs/-/prismjs-1.29.0.tgz",
      "integrity": "sha512-Kx/1w86q/epKcmte75LNrEoT+lX8pBpavuAbvJWRXar7Hz8jrtF+e3vY751p0R8H9HdArwaCTNDDzHg/ScJK1Q=="
    },
    "react": {
      "version": "18.2.0",
      "resolved": "https://registry.npmjs.org/react/-/react-18.2.0.tgz",
      "integrity": "sha512-/3IjMdb2L9QbBdWiW5e3P2/npwMBaU9mHCSCUzNln0ZCYbcfTsGbTJrU/kGemdH2IWmB2ioZ+zkxtmq6g09fGQ==",
      "peer": true,
      "requires": {
        "loose-envify": "^1.1.0"
      }
    },
    "react-dom": {
      "version": "18.2.0",
      "resolved": "https://registry.npmjs.org/react-dom/-/react-dom-18.2.0.tgz",
      "integrity": "sha512-6IMTriUmvsjHUjNtEDudZfuDQUoWXVxKHhlEGSk81n4YFS+r/Kl99wXiwlVXtPBtJenozv2P+hxDsw9eA7Xo6g==",
      "peer": true,
      "requires": {
        "loose-envify": "^1.1.0",
        "scheduler": "^0.23.0"
      }
    },
    "react-error-boundary": {
      "version": "3.1.4",
      "resolved": "https://registry.npmjs.org/react-error-boundary/-/react-error-boundary-3.1.4.tgz",
      "integrity": "sha512-uM9uPzZJTF6wRQORmSrvOIgt4lJ9MC1sNgEOj2XGsDTRE4kmpWxg7ENK9EWNKJRMAOY9z0MuF4yIfl6gp4sotA==",
      "requires": {
        "@babel/runtime": "^7.12.5"
      }
    },
    "regenerator-runtime": {
      "version": "0.13.11",
      "resolved": "https://registry.npmjs.org/regenerator-runtime/-/regenerator-runtime-0.13.11.tgz",
      "integrity": "sha512-kY1AZVr2Ra+t+piVaJ4gxaFaReZVH40AKNo7UCX6W+dEwBo/2oZJzqfuN1qLq1oL45o56cPaTXELwrTh8Fpggg=="
    },
    "scheduler": {
      "version": "0.23.0",
      "resolved": "https://registry.npmjs.org/scheduler/-/scheduler-0.23.0.tgz",
      "integrity": "sha512-CtuThmgHNg7zIZWAXi3AsyIzA3n4xx7aNyjwC2VJldO2LMVDhFK+63xGqq6CsJH4rTAt6/M+N4GhZiDYPx9eUw==",
      "peer": true,
      "requires": {
        "loose-envify": "^1.1.0"
      }
    },
    "yjs": {
      "version": "13.5.44",
      "resolved": "https://registry.npmjs.org/yjs/-/yjs-13.5.44.tgz",
      "integrity": "sha512-UL+abIh2lQonqXfaJ+en7z9eGshpY11j1zNLc2kDYs0vrTjee4gZJUXC3ZsuhP6geQt0IRU04epCGRaVPQAVCA==",
      "peer": true,
      "requires": {
        "lib0": "^0.2.49"
      }
    }
  }
}